
Microsoft Visual Studio Solution File, Format Version 12.00
# Visual Studio Version 17
VisualStudioVersion = 17.2.32602.215
MinimumVisualStudioVersion = 10.0.40219.1
Project("{FAE04EC0-301F-11D3-BF4B-00C04F79EFBC}") = "C32DapperExercise", "C32DapperExercise\C32DapperExercise.csproj", "{17A84A0D-6817-49EF-83C2-1545D3591B78}"
EndProject
Global
	GlobalSection(SolutionConfigurationPlatforms) = preSolution
		Debug|Any CPU = Debug|Any CPU
		Release|Any CPU = Release|Any CPU
	EndGlobalSection
	GlobalSection(ProjectConfigurationPlatforms) = postSolution
		{17A84A0D-6817-49EF-83C2-1545D3591B78}.Debug|Any CPU.ActiveCfg = Debug|Any CPU
		{17A84A0D-6817-49EF-83C2-1545D3591B78}.Debug|Any CPU.Build.0 = Debug|Any CPU
		{17A84A0D-6817-49EF-83C2-1545D3591B78}.Release|Any CPU.ActiveCfg = Release|Any CPU
		{17A84A0D-6817-49EF-83C2-1545D3591B78}.Release|Any CPU.Build.0 = Release|Any CPU
	EndGlobalSection
	GlobalSection(SolutionProperties) = preSolution
		HideSolutionNode = FALSE
	EndGlobalSection
	GlobalSection(ExtensibilityGlobals) = postSolution
		SolutionGuid = {E3DD603E-DD8C-4663-A3E0-9A7E7C86A84C}
	EndGlobalSection
EndGlobal
